// !$*UTF8*$!
{
	archiveVersion = 1;
	classes = {
	};
	objectVersion = 55;
	objects = {

/* Begin PBXBuildFile section */
		1A0E3AA22862F7E300132FCB /* Assets.xcassets in Resources */ = {isa = PBXBuildFile; fileRef = 1A0E3AA12862F7E300132FCB /* Assets.xcassets */; };
		1A0E3ABA2862F7E300132FCB /* WallaMarvelUITests.swift in Sources */ = {isa = PBXBuildFile; fileRef = 1A0E3AB92862F7E300132FCB /* WallaMarvelUITests.swift */; };
		1A0E3ABC2862F7E300132FCB /* WallaMarvelUITestsLaunchTests.swift in Sources */ = {isa = PBXBuildFile; fileRef = 1A0E3ABB2862F7E300132FCB /* WallaMarvelUITestsLaunchTests.swift */; };
		1A7B9BBD286D81AA00EBC1A6 /* CharacterDataModel.swift in Sources */ = {isa = PBXBuildFile; fileRef = 1A7B9BBC286D81AA00EBC1A6 /* CharacterDataModel.swift */; };
		1A821EC92862FE3C0024D397 /* APIClient.swift in Sources */ = {isa = PBXBuildFile; fileRef = 1A821EC82862FE3C0024D397 /* APIClient.swift */; };
		1A821ED4286302EC0024D397 /* CharactersDataModel.swift in Sources */ = {isa = PBXBuildFile; fileRef = 1A821ED3286302EC0024D397 /* CharactersDataModel.swift */; };
		1A821ED6286305590024D397 /* CharacterDataSource.swift in Sources */ = {isa = PBXBuildFile; fileRef = 1A821ED5286305590024D397 /* CharacterDataSource.swift */; };
		1A821ED82863081A0024D397 /* CharacterRepository.swift in Sources */ = {isa = PBXBuildFile; fileRef = 1A821ED72863081A0024D397 /* CharacterRepository.swift */; };
		1AC0347F2863214900E93178 /* GetCharactersUseCase.swift in Sources */ = {isa = PBXBuildFile; fileRef = 1AC0347E2863214900E93178 /* GetCharactersUseCase.swift */; };
		AD0979172F2D666800D5501A /* CharacterListViewModel.swift in Sources */ = {isa = PBXBuildFile; fileRef = AD0979162F2D666800D5501A /* CharacterListViewModel.swift */; };
		AD0979192F2D676100D5501A /* CharacterListView.swift in Sources */ = {isa = PBXBuildFile; fileRef = AD0979182F2D676100D5501A /* CharacterListView.swift */; };
		AD09791B2F2D6C5300D5501A /* AppContainer.swift in Sources */ = {isa = PBXBuildFile; fileRef = AD09791A2F2D6C5300D5501A /* AppContainer.swift */; };
		AD400BD72F31643C00F5A759 /* Kingfisher in Frameworks */ = {isa = PBXBuildFile; productRef = AD400BD62F31643C00F5A759 /* Kingfisher */; };
		AD49409C2F2D1DA50024249A /* Characters.swift in Sources */ = {isa = PBXBuildFile; fileRef = AD49409A2F2D1DA50024249A /* Characters.swift */; };
		AD49409D2F2D1DA50024249A /* Character.swift in Sources */ = {isa = PBXBuildFile; fileRef = AD49409B2F2D1DA50024249A /* Character.swift */; };
		AD49409F2F2D60EF0024249A /* GetCharacterUseCase.swift in Sources */ = {isa = PBXBuildFile; fileRef = AD49409E2F2D60EF0024249A /* GetCharacterUseCase.swift */; };
		ADB9BCFB2F2D0C7800E067CA /* Endpoint.swift in Sources */ = {isa = PBXBuildFile; fileRef = ADB9BCFA2F2D0C7800E067CA /* Endpoint.swift */; };
		ADB9BCFD2F2D0FC100E067CA /* RestManager.swift in Sources */ = {isa = PBXBuildFile; fileRef = ADB9BCFC2F2D0FC100E067CA /* RestManager.swift */; };
		ADB9BCFF2F2D115200E067CA /* NetworkError.swift in Sources */ = {isa = PBXBuildFile; fileRef = ADB9BCFE2F2D115100E067CA /* NetworkError.swift */; };
		ADD0BAAF2F2D774F000653ED /* CharacterDataSourceTests.swift in Sources */ = {isa = PBXBuildFile; fileRef = ADD0BAAE2F2D774F000653ED /* CharacterDataSourceTests.swift */; };
		ADD0BAB12F2D7752000653ED /* CharacterRepositoryTests.swift in Sources */ = {isa = PBXBuildFile; fileRef = ADD0BAB02F2D7752000653ED /* CharacterRepositoryTests.swift */; };
		ADD0BAB72F2D7841000653ED /* MockAPIClient.swift in Sources */ = {isa = PBXBuildFile; fileRef = ADD0BAB62F2D7841000653ED /* MockAPIClient.swift */; };
		ADD0BAB92F2D791E000653ED /* MockCharacterDataSource.swift in Sources */ = {isa = PBXBuildFile; fileRef = ADD0BAB82F2D791E000653ED /* MockCharacterDataSource.swift */; };
		ADD0BAC12F2E23F4000653ED /* WallaMarvelApp.swift in Sources */ = {isa = PBXBuildFile; fileRef = ADD0BAC02F2E23F4000653ED /* WallaMarvelApp.swift */; };
		ADD0BAC52F2E9971000653ED /* ImageView.swift in Sources */ = {isa = PBXBuildFile; fileRef = ADD0BAC42F2E9971000653ED /* ImageView.swift */; };
		ADD0BACA2F2F827C000653ED /* CharacterDetailView.swift in Sources */ = {isa = PBXBuildFile; fileRef = ADD0BAC92F2F827C000653ED /* CharacterDetailView.swift */; };
		ADD0BACC2F2F8C95000653ED /* LaunchScreen.storyboard in Resources */ = {isa = PBXBuildFile; fileRef = ADD0BACB2F2F8C95000653ED /* LaunchScreen.storyboard */; };
		ADD0BACF2F2F8F05000653ED /* SearchCharactersUseCase.swift in Sources */ = {isa = PBXBuildFile; fileRef = ADD0BACE2F2F8F05000653ED /* SearchCharactersUseCase.swift */; };
		ADD0BADA2F2FCED8000653ED /* Debouncer.swift in Sources */ = {isa = PBXBuildFile; fileRef = ADD0BAD92F2FCED8000653ED /* Debouncer.swift */; };
		ADD0BADD2F2FD23B000653ED /* BaseViewModel.swift in Sources */ = {isa = PBXBuildFile; fileRef = ADD0BADC2F2FD23B000653ED /* BaseViewModel.swift */; };
		ADD0BADF2F2FD245000653ED /* BaseView.swift in Sources */ = {isa = PBXBuildFile; fileRef = ADD0BADE2F2FD245000653ED /* BaseView.swift */; };
		ADD0BAE12F2FD648000653ED /* MockData.swift in Sources */ = {isa = PBXBuildFile; fileRef = ADD0BAE02F2FD648000653ED /* MockData.swift */; };
		ADD0BAE32F2FD808000653ED /* EmptyPlaceholder.swift in Sources */ = {isa = PBXBuildFile; fileRef = ADD0BAE22F2FD808000653ED /* EmptyPlaceholder.swift */; };
		ADD0BAE92F2FD84F000653ED /* Spacing.swift in Sources */ = {isa = PBXBuildFile; fileRef = ADD0BAE52F2FD84F000653ED /* Spacing.swift */; };
		ADD0BAED2F2FDA98000653ED /* Image+.swift in Sources */ = {isa = PBXBuildFile; fileRef = ADD0BAEC2F2FDA98000653ED /* Image+.swift */; };
		ADD0BAEF2F3002B4000653ED /* RoundedCorner.swift in Sources */ = {isa = PBXBuildFile; fileRef = ADD0BAEE2F3002B4000653ED /* RoundedCorner.swift */; };
		ADD0BAF22F3014D8000653ED /* CharacterListViewModelTests.swift in Sources */ = {isa = PBXBuildFile; fileRef = ADD0BAF02F3014D8000653ED /* CharacterListViewModelTests.swift */; };
		ADD0BAF42F301517000653ED /* MockSearchCharactersUseCase.swift in Sources */ = {isa = PBXBuildFile; fileRef = ADD0BAF32F301517000653ED /* MockSearchCharactersUseCase.swift */; };
		ADD0BAF62F301587000653ED /* MockGetCharactersUseCase.swift in Sources */ = {isa = PBXBuildFile; fileRef = ADD0BAF52F301587000653ED /* MockGetCharactersUseCase.swift */; };
		ADD0BAF82F30ACDD000653ED /* MockData.swift in Sources */ = {isa = PBXBuildFile; fileRef = ADD0BAF72F30ACDD000653ED /* MockData.swift */; };
/* End PBXBuildFile section */

/* Begin PBXContainerItemProxy section */
		1A0E3AAC2862F7E300132FCB /* PBXContainerItemProxy */ = {
			isa = PBXContainerItemProxy;
			containerPortal = 1A0E3A8D2862F7E200132FCB /* Project object */;
			proxyType = 1;
			remoteGlobalIDString = 1A0E3A942862F7E200132FCB;
			remoteInfo = WallaMarvel;
		};
		1A0E3AB62862F7E300132FCB /* PBXContainerItemProxy */ = {
			isa = PBXContainerItemProxy;
			containerPortal = 1A0E3A8D2862F7E200132FCB /* Project object */;
			proxyType = 1;
			remoteGlobalIDString = 1A0E3A942862F7E200132FCB;
			remoteInfo = WallaMarvel;
		};
/* End PBXContainerItemProxy section */

/* Begin PBXFileReference section */
		1A0E3A952862F7E200132FCB /* WallaMarvel.app */ = {isa = PBXFileReference; explicitFileType = wrapper.application; includeInIndex = 0; path = WallaMarvel.app; sourceTree = BUILT_PRODUCTS_DIR; };
		1A0E3AA12862F7E300132FCB /* Assets.xcassets */ = {isa = PBXFileReference; lastKnownFileType = folder.assetcatalog; path = Assets.xcassets; sourceTree = "<group>"; };
		1A0E3AA62862F7E300132FCB /* Info.plist */ = {isa = PBXFileReference; lastKnownFileType = text.plist.xml; path = Info.plist; sourceTree = "<group>"; };
		1A0E3AAB2862F7E300132FCB /* WallaMarvelTests.xctest */ = {isa = PBXFileReference; explicitFileType = wrapper.cfbundle; includeInIndex = 0; path = WallaMarvelTests.xctest; sourceTree = BUILT_PRODUCTS_DIR; };
		1A0E3AB52862F7E300132FCB /* WallaMarvelUITests.xctest */ = {isa = PBXFileReference; explicitFileType = wrapper.cfbundle; includeInIndex = 0; path = WallaMarvelUITests.xctest; sourceTree = BUILT_PRODUCTS_DIR; };
		1A0E3AB92862F7E300132FCB /* WallaMarvelUITests.swift */ = {isa = PBXFileReference; lastKnownFileType = sourcecode.swift; path = WallaMarvelUITests.swift; sourceTree = "<group>"; };
		1A0E3ABB2862F7E300132FCB /* WallaMarvelUITestsLaunchTests.swift */ = {isa = PBXFileReference; lastKnownFileType = sourcecode.swift; path = WallaMarvelUITestsLaunchTests.swift; sourceTree = "<group>"; };
		1A7B9BBC286D81AA00EBC1A6 /* CharacterDataModel.swift */ = {isa = PBXFileReference; lastKnownFileType = sourcecode.swift; path = CharacterDataModel.swift; sourceTree = "<group>"; };
		1A821EC82862FE3C0024D397 /* APIClient.swift */ = {isa = PBXFileReference; lastKnownFileType = sourcecode.swift; path = APIClient.swift; sourceTree = "<group>"; };
		1A821ED3286302EC0024D397 /* CharactersDataModel.swift */ = {isa = PBXFileReference; lastKnownFileType = sourcecode.swift; path = CharactersDataModel.swift; sourceTree = "<group>"; };
		1A821ED5286305590024D397 /* CharacterDataSource.swift */ = {isa = PBXFileReference; lastKnownFileType = sourcecode.swift; path = CharacterDataSource.swift; sourceTree = "<group>"; };
		1A821ED72863081A0024D397 /* CharacterRepository.swift */ = {isa = PBXFileReference; lastKnownFileType = sourcecode.swift; path = CharacterRepository.swift; sourceTree = "<group>"; };
		1AC0347E2863214900E93178 /* GetCharactersUseCase.swift */ = {isa = PBXFileReference; lastKnownFileType = sourcecode.swift; path = GetCharactersUseCase.swift; sourceTree = "<group>"; };
		AD0979162F2D666800D5501A /* CharacterListViewModel.swift */ = {isa = PBXFileReference; lastKnownFileType = sourcecode.swift; path = CharacterListViewModel.swift; sourceTree = "<group>"; };
		AD0979182F2D676100D5501A /* CharacterListView.swift */ = {isa = PBXFileReference; lastKnownFileType = sourcecode.swift; path = CharacterListView.swift; sourceTree = "<group>"; };
		AD09791A2F2D6C5300D5501A /* AppContainer.swift */ = {isa = PBXFileReference; lastKnownFileType = sourcecode.swift; path = AppContainer.swift; sourceTree = "<group>"; };
		AD49409A2F2D1DA50024249A /* Characters.swift */ = {isa = PBXFileReference; lastKnownFileType = sourcecode.swift; path = Characters.swift; sourceTree = "<group>"; };
		AD49409B2F2D1DA50024249A /* Character.swift */ = {isa = PBXFileReference; lastKnownFileType = sourcecode.swift; path = Character.swift; sourceTree = "<group>"; };
		AD49409E2F2D60EF0024249A /* GetCharacterUseCase.swift */ = {isa = PBXFileReference; lastKnownFileType = sourcecode.swift; path = GetCharacterUseCase.swift; sourceTree = "<group>"; };
		ADB9BCFA2F2D0C7800E067CA /* Endpoint.swift */ = {isa = PBXFileReference; lastKnownFileType = sourcecode.swift; path = Endpoint.swift; sourceTree = "<group>"; };
		ADB9BCFC2F2D0FC100E067CA /* RestManager.swift */ = {isa = PBXFileReference; lastKnownFileType = sourcecode.swift; path = RestManager.swift; sourceTree = "<group>"; };
		ADB9BCFE2F2D115100E067CA /* NetworkError.swift */ = {isa = PBXFileReference; lastKnownFileType = sourcecode.swift; path = NetworkError.swift; sourceTree = "<group>"; };
		ADD0BAAE2F2D774F000653ED /* CharacterDataSourceTests.swift */ = {isa = PBXFileReference; lastKnownFileType = sourcecode.swift; path = CharacterDataSourceTests.swift; sourceTree = "<group>"; };
		ADD0BAB02F2D7752000653ED /* CharacterRepositoryTests.swift */ = {isa = PBXFileReference; lastKnownFileType = sourcecode.swift; path = CharacterRepositoryTests.swift; sourceTree = "<group>"; };
		ADD0BAB62F2D7841000653ED /* MockAPIClient.swift */ = {isa = PBXFileReference; lastKnownFileType = sourcecode.swift; path = MockAPIClient.swift; sourceTree = "<group>"; };
		ADD0BAB82F2D791E000653ED /* MockCharacterDataSource.swift */ = {isa = PBXFileReference; lastKnownFileType = sourcecode.swift; path = MockCharacterDataSource.swift; sourceTree = "<group>"; };
		ADD0BAC02F2E23F4000653ED /* WallaMarvelApp.swift */ = {isa = PBXFileReference; lastKnownFileType = sourcecode.swift; path = WallaMarvelApp.swift; sourceTree = "<group>"; };
		ADD0BAC42F2E9971000653ED /* ImageView.swift */ = {isa = PBXFileReference; lastKnownFileType = sourcecode.swift; path = ImageView.swift; sourceTree = "<group>"; };
		ADD0BAC92F2F827C000653ED /* CharacterDetailView.swift */ = {isa = PBXFileReference; lastKnownFileType = sourcecode.swift; path = CharacterDetailView.swift; sourceTree = "<group>"; };
		ADD0BACB2F2F8C95000653ED /* LaunchScreen.storyboard */ = {isa = PBXFileReference; lastKnownFileType = file.storyboard; path = LaunchScreen.storyboard; sourceTree = "<group>"; };
		ADD0BACE2F2F8F05000653ED /* SearchCharactersUseCase.swift */ = {isa = PBXFileReference; lastKnownFileType = sourcecode.swift; path = SearchCharactersUseCase.swift; sourceTree = "<group>"; };
		ADD0BAD92F2FCED8000653ED /* Debouncer.swift */ = {isa = PBXFileReference; lastKnownFileType = sourcecode.swift; path = Debouncer.swift; sourceTree = "<group>"; };
		ADD0BADC2F2FD23B000653ED /* BaseViewModel.swift */ = {isa = PBXFileReference; lastKnownFileType = sourcecode.swift; path = BaseViewModel.swift; sourceTree = "<group>"; };
		ADD0BADE2F2FD245000653ED /* BaseView.swift */ = {isa = PBXFileReference; lastKnownFileType = sourcecode.swift; path = BaseView.swift; sourceTree = "<group>"; };
		ADD0BAE02F2FD648000653ED /* MockData.swift */ = {isa = PBXFileReference; lastKnownFileType = sourcecode.swift; path = MockData.swift; sourceTree = "<group>"; };
		ADD0BAE22F2FD808000653ED /* EmptyPlaceholder.swift */ = {isa = PBXFileReference; lastKnownFileType = sourcecode.swift; path = EmptyPlaceholder.swift; sourceTree = "<group>"; };
		ADD0BAE52F2FD84F000653ED /* Spacing.swift */ = {isa = PBXFileReference; lastKnownFileType = sourcecode.swift; path = Spacing.swift; sourceTree = "<group>"; };
		ADD0BAEC2F2FDA98000653ED /* Image+.swift */ = {isa = PBXFileReference; lastKnownFileType = sourcecode.swift; path = "Image+.swift"; sourceTree = "<group>"; };
		ADD0BAEE2F3002B4000653ED /* RoundedCorner.swift */ = {isa = PBXFileReference; lastKnownFileType = sourcecode.swift; path = RoundedCorner.swift; sourceTree = "<group>"; };
		ADD0BAF02F3014D8000653ED /* CharacterListViewModelTests.swift */ = {isa = PBXFileReference; lastKnownFileType = sourcecode.swift; path = CharacterListViewModelTests.swift; sourceTree = "<group>"; };
		ADD0BAF32F301517000653ED /* MockSearchCharactersUseCase.swift */ = {isa = PBXFileReference; lastKnownFileType = sourcecode.swift; path = MockSearchCharactersUseCase.swift; sourceTree = "<group>"; };
		ADD0BAF52F301587000653ED /* MockGetCharactersUseCase.swift */ = {isa = PBXFileReference; lastKnownFileType = sourcecode.swift; path = MockGetCharactersUseCase.swift; sourceTree = "<group>"; };
		ADD0BAF72F30ACDD000653ED /* MockData.swift */ = {isa = PBXFileReference; lastKnownFileType = sourcecode.swift; path = MockData.swift; sourceTree = "<group>"; };
/* End PBXFileReference section */

/* Begin PBXFrameworksBuildPhase section */
		1A0E3A922862F7E200132FCB /* Frameworks */ = {
			isa = PBXFrameworksBuildPhase;
			buildActionMask = 2147483647;
			files = (
				AD400BD72F31643C00F5A759 /* Kingfisher in Frameworks */,
			);
			runOnlyForDeploymentPostprocessing = 0;
		};
		1A0E3AA82862F7E300132FCB /* Frameworks */ = {
			isa = PBXFrameworksBuildPhase;
			buildActionMask = 2147483647;
			files = (
			);
			runOnlyForDeploymentPostprocessing = 0;
		};
		1A0E3AB22862F7E300132FCB /* Frameworks */ = {
			isa = PBXFrameworksBuildPhase;
			buildActionMask = 2147483647;
			files = (
			);
			runOnlyForDeploymentPostprocessing = 0;
		};
/* End PBXFrameworksBuildPhase section */

/* Begin PBXGroup section */
		1A0E3A8C2862F7E200132FCB = {
			isa = PBXGroup;
			children = (
				1A0E3A972862F7E200132FCB /* WallaMarvel */,
				1A0E3AAE2862F7E300132FCB /* WallaMarvelTests */,
				1A0E3AB82862F7E300132FCB /* WallaMarvelUITests */,
				1A0E3A962862F7E200132FCB /* Products */,
			);
			sourceTree = "<group>";
		};
		1A0E3A962862F7E200132FCB /* Products */ = {
			isa = PBXGroup;
			children = (
				1A0E3A952862F7E200132FCB /* WallaMarvel.app */,
				1A0E3AAB2862F7E300132FCB /* WallaMarvelTests.xctest */,
				1A0E3AB52862F7E300132FCB /* WallaMarvelUITests.xctest */,
			);
			name = Products;
			sourceTree = "<group>";
		};
		1A0E3A972862F7E200132FCB /* WallaMarvel */ = {
			isa = PBXGroup;
			children = (
				ADD0BAC02F2E23F4000653ED /* WallaMarvelApp.swift */,
				AD7FA5F92F2AC20300F22B24 /* Core */,
				ADD0BAC22F2E9942000653ED /* Common */,
				AD7FA5F82F2AC1E100F22B24 /* Features */,
				1A0E3AA12862F7E300132FCB /* Assets.xcassets */,
				1A0E3AA62862F7E300132FCB /* Info.plist */,
			);
			path = WallaMarvel;
			sourceTree = "<group>";
		};
		1A0E3AAE2862F7E300132FCB /* WallaMarvelTests */ = {
			isa = PBXGroup;
			children = (
				ADD0BAB52F2D7831000653ED /* Mocks */,
				ADD0BAAC2F2D773C000653ED /* Data */,
				ADD0BAAD2F2D7740000653ED /* Domain */,
				ADD0BAF12F3014D8000653ED /* UI */,
			);
			path = WallaMarvelTests;
			sourceTree = "<group>";
		};
		1A0E3AB82862F7E300132FCB /* WallaMarvelUITests */ = {
			isa = PBXGroup;
			children = (
				1A0E3AB92862F7E300132FCB /* WallaMarvelUITests.swift */,
				1A0E3ABB2862F7E300132FCB /* WallaMarvelUITestsLaunchTests.swift */,
			);
			path = WallaMarvelUITests;
			sourceTree = "<group>";
		};
		1A821EC42862FD470024D397 /* CharacterList */ = {
			isa = PBXGroup;
			children = (
				AD0979182F2D676100D5501A /* CharacterListView.swift */,
				AD0979162F2D666800D5501A /* CharacterListViewModel.swift */,
			);
			path = CharacterList;
			sourceTree = "<group>";
		};
		1A821EC52862FD500024D397 /* CharacterDetail */ = {
			isa = PBXGroup;
			children = (
				ADD0BAC92F2F827C000653ED /* CharacterDetailView.swift */,
			);
			path = CharacterDetail;
			sourceTree = "<group>";
		};
		1A821EC62862FD650024D397 /* Domain */ = {
			isa = PBXGroup;
			children = (
				AD4940992F2D1D920024249A /* Entities */,
				1A821ED72863081A0024D397 /* CharacterRepository.swift */,
				1AC0347D286320F000E93178 /* UseCases */,
			);
			path = Domain;
			sourceTree = "<group>";
		};
		1A821EC72862FD6E0024D397 /* Data */ = {
			isa = PBXGroup;
			children = (
				AD4940982F2D1D300024249A /* DataModel */,
				1A821ED5286305590024D397 /* CharacterDataSource.swift */,
			);
			path = Data;
			sourceTree = "<group>";
		};
		1AC0347D286320F000E93178 /* UseCases */ = {
			isa = PBXGroup;
			children = (
				1AC0347E2863214900E93178 /* GetCharactersUseCase.swift */,
				AD49409E2F2D60EF0024249A /* GetCharacterUseCase.swift */,
				ADD0BACE2F2F8F05000653ED /* SearchCharactersUseCase.swift */,
			);
			path = UseCases;
			sourceTree = "<group>";
		};
		AD0F80C12F32429B00B3F0E5 /* ViewModifier */ = {
			isa = PBXGroup;
			children = (
				ADD0BAEE2F3002B4000653ED /* RoundedCorner.swift */,
			);
			path = ViewModifier;
			sourceTree = "<group>";
		};
		AD400BD02F311A2700F5A759 /* UI */ = {
			isa = PBXGroup;
			children = (
				1A821EC42862FD470024D397 /* CharacterList */,
				1A821EC52862FD500024D397 /* CharacterDetail */,
			);
			path = UI;
			sourceTree = "<group>";
		};
		AD4940962F2D1C680024249A /* Characters */ = {
			isa = PBXGroup;
			children = (
				1A821EC72862FD6E0024D397 /* Data */,
				1A821EC62862FD650024D397 /* Domain */,
				AD400BD02F311A2700F5A759 /* UI */,
			);
			path = Characters;
			sourceTree = "<group>";
		};
		AD4940982F2D1D300024249A /* DataModel */ = {
			isa = PBXGroup;
			children = (
				1A821ED3286302EC0024D397 /* CharactersDataModel.swift */,
				1A7B9BBC286D81AA00EBC1A6 /* CharacterDataModel.swift */,
			);
			path = DataModel;
			sourceTree = "<group>";
		};
		AD4940992F2D1D920024249A /* Entities */ = {
			isa = PBXGroup;
			children = (
				AD49409A2F2D1DA50024249A /* Characters.swift */,
				AD49409B2F2D1DA50024249A /* Character.swift */,
			);
			path = Entities;
			sourceTree = "<group>";
		};
		AD7FA5F82F2AC1E100F22B24 /* Features */ = {
			isa = PBXGroup;
			children = (
				ADD0BACD2F2F8C9A000653ED /* Splash */,
				AD4940962F2D1C680024249A /* Characters */,
			);
			path = Features;
			sourceTree = "<group>";
		};
		AD7FA5F92F2AC20300F22B24 /* Core */ = {
			isa = PBXGroup;
			children = (
				1A821EC82862FE3C0024D397 /* APIClient.swift */,
				ADB9BCFC2F2D0FC100E067CA /* RestManager.swift */,
				ADB9BCFA2F2D0C7800E067CA /* Endpoint.swift */,
				ADB9BCFE2F2D115100E067CA /* NetworkError.swift */,
				AD09791A2F2D6C5300D5501A /* AppContainer.swift */,
			);
			path = Core;
			sourceTree = "<group>";
		};
		ADD0BAAC2F2D773C000653ED /* Data */ = {
			isa = PBXGroup;
			children = (
				ADD0BAAE2F2D774F000653ED /* CharacterDataSourceTests.swift */,
			);
			path = Data;
			sourceTree = "<group>";
		};
		ADD0BAAD2F2D7740000653ED /* Domain */ = {
			isa = PBXGroup;
			children = (
				ADD0BAB02F2D7752000653ED /* CharacterRepositoryTests.swift */,
			);
			path = Domain;
			sourceTree = "<group>";
		};
		ADD0BAB52F2D7831000653ED /* Mocks */ = {
			isa = PBXGroup;
			children = (
				ADD0BAF72F30ACDD000653ED /* MockData.swift */,
				ADD0BAB62F2D7841000653ED /* MockAPIClient.swift */,
				ADD0BAB82F2D791E000653ED /* MockCharacterDataSource.swift */,
				ADD0BAF52F301587000653ED /* MockGetCharactersUseCase.swift */,
				ADD0BAF32F301517000653ED /* MockSearchCharactersUseCase.swift */,
			);
			path = Mocks;
			sourceTree = "<group>";
		};
		ADD0BAC22F2E9942000653ED /* Common */ = {
			isa = PBXGroup;
			children = (
				ADD0BAEB2F2FDA89000653ED /* Extensions */,
				ADD0BADB2F2FD22C000653ED /* BaseView */,
				ADD0BAD82F2FCEBD000653ED /* Utils */,
				ADD0BAE42F2FD84C000653ED /* Styles */,
				ADD0BAC32F2E995D000653ED /* ViewComponents */,
				AD0F80C12F32429B00B3F0E5 /* ViewModifier */,
				ADD0BAE02F2FD648000653ED /* MockData.swift */,
			);
			path = Common;
			sourceTree = "<group>";
		};
		ADD0BAC32F2E995D000653ED /* ViewComponents */ = {
			isa = PBXGroup;
			children = (
				ADD0BAE22F2FD808000653ED /* EmptyPlaceholder.swift */,
				ADD0BAC42F2E9971000653ED /* ImageView.swift */,
			);
			path = ViewComponents;
			sourceTree = "<group>";
		};
		ADD0BACD2F2F8C9A000653ED /* Splash */ = {
			isa = PBXGroup;
			children = (
				ADD0BACB2F2F8C95000653ED /* LaunchScreen.storyboard */,
			);
			path = Splash;
			sourceTree = "<group>";
		};
		ADD0BAD82F2FCEBD000653ED /* Utils */ = {
			isa = PBXGroup;
			children = (
				ADD0BAD92F2FCED8000653ED /* Debouncer.swift */,
			);
			path = Utils;
			sourceTree = "<group>";
		};
		ADD0BADB2F2FD22C000653ED /* BaseView */ = {
			isa = PBXGroup;
			children = (
				ADD0BADE2F2FD245000653ED /* BaseView.swift */,
				ADD0BADC2F2FD23B000653ED /* BaseViewModel.swift */,
			);
			path = BaseView;
			sourceTree = "<group>";
		};
		ADD0BAE42F2FD84C000653ED /* Styles */ = {
			isa = PBXGroup;
			children = (
				ADD0BAE52F2FD84F000653ED /* Spacing.swift */,
			);
			path = Styles;
			sourceTree = "<group>";
		};
		ADD0BAEB2F2FDA89000653ED /* Extensions */ = {
			isa = PBXGroup;
			children = (
				ADD0BAEC2F2FDA98000653ED /* Image+.swift */,
			);
			path = Extensions;
			sourceTree = "<group>";
		};
		ADD0BAF12F3014D8000653ED /* UI */ = {
			isa = PBXGroup;
			children = (
				ADD0BAF02F3014D8000653ED /* CharacterListViewModelTests.swift */,
			);
			path = UI;
			sourceTree = "<group>";
		};
/* End PBXGroup section */

/* Begin PBXNativeTarget section */
		1A0E3A942862F7E200132FCB /* WallaMarvel */ = {
			isa = PBXNativeTarget;
			buildConfigurationList = 1A0E3ABF2862F7E300132FCB /* Build configuration list for PBXNativeTarget "WallaMarvel" */;
			buildPhases = (
				AD400BD12F3131F100F5A759 /* SwiftFormat */,
				AD400BD22F3131F800F5A759 /* SwiftLint */,
				1A0E3A912862F7E200132FCB /* Sources */,
				1A0E3A922862F7E200132FCB /* Frameworks */,
				1A0E3A932862F7E200132FCB /* Resources */,
			);
			buildRules = (
			);
			dependencies = (
			);
			name = WallaMarvel;
			productName = WallaMarvel;
			productReference = 1A0E3A952862F7E200132FCB /* WallaMarvel.app */;
			productType = "com.apple.product-type.application";
		};
		1A0E3AAA2862F7E300132FCB /* WallaMarvelTests */ = {
			isa = PBXNativeTarget;
			buildConfigurationList = 1A0E3AC22862F7E300132FCB /* Build configuration list for PBXNativeTarget "WallaMarvelTests" */;
			buildPhases = (
				1A0E3AA72862F7E300132FCB /* Sources */,
				1A0E3AA82862F7E300132FCB /* Frameworks */,
				1A0E3AA92862F7E300132FCB /* Resources */,
			);
			buildRules = (
			);
			dependencies = (
				1A0E3AAD2862F7E300132FCB /* PBXTargetDependency */,
			);
			name = WallaMarvelTests;
			productName = WallaMarvelTests;
			productReference = 1A0E3AAB2862F7E300132FCB /* WallaMarvelTests.xctest */;
			productType = "com.apple.product-type.bundle.unit-test";
		};
		1A0E3AB42862F7E300132FCB /* WallaMarvelUITests */ = {
			isa = PBXNativeTarget;
			buildConfigurationList = 1A0E3AC52862F7E300132FCB /* Build configuration list for PBXNativeTarget "WallaMarvelUITests" */;
			buildPhases = (
				1A0E3AB12862F7E300132FCB /* Sources */,
				1A0E3AB22862F7E300132FCB /* Frameworks */,
				1A0E3AB32862F7E300132FCB /* Resources */,
			);
			buildRules = (
			);
			dependencies = (
				1A0E3AB72862F7E300132FCB /* PBXTargetDependency */,
			);
			name = WallaMarvelUITests;
			productName = WallaMarvelUITests;
			productReference = 1A0E3AB52862F7E300132FCB /* WallaMarvelUITests.xctest */;
			productType = "com.apple.product-type.bundle.ui-testing";
		};
/* End PBXNativeTarget section */

/* Begin PBXProject section */
		1A0E3A8D2862F7E200132FCB /* Project object */ = {
			isa = PBXProject;
			attributes = {
				BuildIndependentTargetsInParallel = 1;
				LastSwiftUpdateCheck = 1340;
				LastUpgradeCheck = 1620;
				TargetAttributes = {
					1A0E3A942862F7E200132FCB = {
						CreatedOnToolsVersion = 13.4.1;
					};
					1A0E3AAA2862F7E300132FCB = {
						CreatedOnToolsVersion = 13.4.1;
						TestTargetID = 1A0E3A942862F7E200132FCB;
					};
					1A0E3AB42862F7E300132FCB = {
						CreatedOnToolsVersion = 13.4.1;
						TestTargetID = 1A0E3A942862F7E200132FCB;
					};
				};
			};
			buildConfigurationList = 1A0E3A902862F7E200132FCB /* Build configuration list for PBXProject "WallaMarvel" */;
			compatibilityVersion = "Xcode 13.0";
			developmentRegion = en;
			hasScannedForEncodings = 0;
			knownRegions = (
				en,
				Base,
			);
			mainGroup = 1A0E3A8C2862F7E200132FCB;
			packageReferences = (
				AD400BD52F31643C00F5A759 /* XCRemoteSwiftPackageReference "Kingfisher" */,
			);
			productRefGroup = 1A0E3A962862F7E200132FCB /* Products */;
			projectDirPath = "";
			projectRoot = "";
			targets = (
				1A0E3A942862F7E200132FCB /* WallaMarvel */,
				1A0E3AAA2862F7E300132FCB /* WallaMarvelTests */,
				1A0E3AB42862F7E300132FCB /* WallaMarvelUITests */,
			);
		};
/* End PBXProject section */

/* Begin PBXResourcesBuildPhase section */
		1A0E3A932862F7E200132FCB /* Resources */ = {
			isa = PBXResourcesBuildPhase;
			buildActionMask = 2147483647;
			files = (
				1A0E3AA22862F7E300132FCB /* Assets.xcassets in Resources */,
				ADD0BACC2F2F8C95000653ED /* LaunchScreen.storyboard in Resources */,
			);
			runOnlyForDeploymentPostprocessing = 0;
		};
		1A0E3AA92862F7E300132FCB /* Resources */ = {
			isa = PBXResourcesBuildPhase;
			buildActionMask = 2147483647;
			files = (
			);
			runOnlyForDeploymentPostprocessing = 0;
		};
		1A0E3AB32862F7E300132FCB /* Resources */ = {
			isa = PBXResourcesBuildPhase;
			buildActionMask = 2147483647;
			files = (
			);
			runOnlyForDeploymentPostprocessing = 0;
		};
/* End PBXResourcesBuildPhase section */

/* Begin PBXShellScriptBuildPhase section */
		AD400BD12F3131F100F5A759 /* SwiftFormat */ = {
			isa = PBXShellScriptBuildPhase;
			alwaysOutOfDate = 1;
			buildActionMask = 12;
			files = (
			);
			inputFileListPaths = (
			);
			inputPaths = (
			);
			name = SwiftFormat;
			outputFileListPaths = (
			);
			outputPaths = (
			);
			runOnlyForDeploymentPostprocessing = 0;
			shellPath = /bin/sh;
			shellScript = "# Type a script or drag a script file from your workspace to insert its path.\nif [[ \"$(uname -m)\" == arm64 ]]; then\n    export PATH=\"/opt/homebrew/bin:$PATH\"\nfi\n\nif which swiftformat > /dev/null; then\n  swiftformat .\nelse\n  echo \"warning: SwiftFormat not installed, download from https://github.com/nicklockwood/SwiftFormat\"\nfi\n";
		};
		AD400BD22F3131F800F5A759 /* SwiftLint */ = {
			isa = PBXShellScriptBuildPhase;
			alwaysOutOfDate = 1;
			buildActionMask = 12;
			files = (
			);
			inputFileListPaths = (
			);
			inputPaths = (
			);
			name = SwiftLint;
			outputFileListPaths = (
			);
			outputPaths = (
			);
			runOnlyForDeploymentPostprocessing = 0;
			shellPath = /bin/sh;
			shellScript = "# Type a script or drag a script file from your workspace to insert its path.\nexport PATH=\"$PATH:/opt/homebrew/bin\"\nif which swiftlint >/dev/null; then  \n  swiftlint\n  echo \"execute SwiftLint success\"\nelse\n  echo \"warning: SwiftLint not installed, download from https://github.com/realm/SwiftLint\"\nfi\n";
		};
/* End PBXShellScriptBuildPhase section */

/* Begin PBXSourcesBuildPhase section */
		1A0E3A912862F7E200132FCB /* Sources */ = {
			isa = PBXSourcesBuildPhase;
			buildActionMask = 2147483647;
			files = (
				ADB9BCFB2F2D0C7800E067CA /* Endpoint.swift in Sources */,
				ADB9BCFF2F2D115200E067CA /* NetworkError.swift in Sources */,
				ADD0BAE12F2FD648000653ED /* MockData.swift in Sources */,
				AD09791B2F2D6C5300D5501A /* AppContainer.swift in Sources */,
				ADD0BAC52F2E9971000653ED /* ImageView.swift in Sources */,
				AD49409C2F2D1DA50024249A /* Characters.swift in Sources */,
				AD49409D2F2D1DA50024249A /* Character.swift in Sources */,
				1A821ED82863081A0024D397 /* CharacterRepository.swift in Sources */,
				1AC0347F2863214900E93178 /* GetCharactersUseCase.swift in Sources */,
				ADD0BADA2F2FCED8000653ED /* Debouncer.swift in Sources */,
				ADD0BADF2F2FD245000653ED /* BaseView.swift in Sources */,
				AD0979192F2D676100D5501A /* CharacterListView.swift in Sources */,
				ADD0BACA2F2F827C000653ED /* CharacterDetailView.swift in Sources */,
				1A7B9BBD286D81AA00EBC1A6 /* CharacterDataModel.swift in Sources */,
				ADD0BACF2F2F8F05000653ED /* SearchCharactersUseCase.swift in Sources */,
				ADD0BAE92F2FD84F000653ED /* Spacing.swift in Sources */,
				ADB9BCFD2F2D0FC100E067CA /* RestManager.swift in Sources */,
				1A821ED6286305590024D397 /* CharacterDataSource.swift in Sources */,
				1A821ED4286302EC0024D397 /* CharactersDataModel.swift in Sources */,
				1A821EC92862FE3C0024D397 /* APIClient.swift in Sources */,
				ADD0BAE32F2FD808000653ED /* EmptyPlaceholder.swift in Sources */,
				ADD0BAEF2F3002B4000653ED /* RoundedCorner.swift in Sources */,
				ADD0BADD2F2FD23B000653ED /* BaseViewModel.swift in Sources */,
				AD0979172F2D666800D5501A /* CharacterListViewModel.swift in Sources */,
				ADD0BAED2F2FDA98000653ED /* Image+.swift in Sources */,
				AD49409F2F2D60EF0024249A /* GetCharacterUseCase.swift in Sources */,
				ADD0BAC12F2E23F4000653ED /* WallaMarvelApp.swift in Sources */,
			);
			runOnlyForDeploymentPostprocessing = 0;
		};
		1A0E3AA72862F7E300132FCB /* Sources */ = {
			isa = PBXSourcesBuildPhase;
			buildActionMask = 2147483647;
			files = (
				ADD0BAAF2F2D774F000653ED /* CharacterDataSourceTests.swift in Sources */,
				ADD0BAF42F301517000653ED /* MockSearchCharactersUseCase.swift in Sources */,
				ADD0BAB72F2D7841000653ED /* MockAPIClient.swift in Sources */,
				ADD0BAB92F2D791E000653ED /* MockCharacterDataSource.swift in Sources */,
				ADD0BAB12F2D7752000653ED /* CharacterRepositoryTests.swift in Sources */,
				ADD0BAF82F30ACDD000653ED /* MockData.swift in Sources */,
				ADD0BAF22F3014D8000653ED /* CharacterListViewModelTests.swift in Sources */,
				ADD0BAF62F301587000653ED /* MockGetCharactersUseCase.swift in Sources */,
			);
			runOnlyForDeploymentPostprocessing = 0;
		};
		1A0E3AB12862F7E300132FCB /* Sources */ = {
			isa = PBXSourcesBuildPhase;
			buildActionMask = 2147483647;
			files = (
				1A0E3ABA2862F7E300132FCB /* WallaMarvelUITests.swift in Sources */,
				1A0E3ABC2862F7E300132FCB /* WallaMarvelUITestsLaunchTests.swift in Sources */,
			);
			runOnlyForDeploymentPostprocessing = 0;
		};
/* End PBXSourcesBuildPhase section */

/* Begin PBXTargetDependency section */
		1A0E3AAD2862F7E300132FCB /* PBXTargetDependency */ = {
			isa = PBXTargetDependency;
			target = 1A0E3A942862F7E200132FCB /* WallaMarvel */;
			targetProxy = 1A0E3AAC2862F7E300132FCB /* PBXContainerItemProxy */;
		};
		1A0E3AB72862F7E300132FCB /* PBXTargetDependency */ = {
			isa = PBXTargetDependency;
			target = 1A0E3A942862F7E200132FCB /* WallaMarvel */;
			targetProxy = 1A0E3AB62862F7E300132FCB /* PBXContainerItemProxy */;
		};
/* End PBXTargetDependency section */

/* Begin XCBuildConfiguration section */
		1A0E3ABD2862F7E300132FCB /* Debug */ = {
			isa = XCBuildConfiguration;
			buildSettings = {
				ALWAYS_SEARCH_USER_PATHS = NO;
				CLANG_ANALYZER_NONNULL = YES;
				CLANG_ANALYZER_NUMBER_OBJECT_CONVERSION = YES_AGGRESSIVE;
				CLANG_CXX_LANGUAGE_STANDARD = "gnu++17";
				CLANG_ENABLE_MODULES = YES;
				CLANG_ENABLE_OBJC_ARC = YES;
				CLANG_ENABLE_OBJC_WEAK = YES;
				CLANG_WARN_BLOCK_CAPTURE_AUTORELEASING = YES;
				CLANG_WARN_BOOL_CONVERSION = YES;
				CLANG_WARN_COMMA = YES;
				CLANG_WARN_CONSTANT_CONVERSION = YES;
				CLANG_WARN_DEPRECATED_OBJC_IMPLEMENTATIONS = YES;
				CLANG_WARN_DIRECT_OBJC_ISA_USAGE = YES_ERROR;
				CLANG_WARN_DOCUMENTATION_COMMENTS = YES;
				CLANG_WARN_EMPTY_BODY = YES;
				CLANG_WARN_ENUM_CONVERSION = YES;
				CLANG_WARN_INFINITE_RECURSION = YES;
				CLANG_WARN_INT_CONVERSION = YES;
				CLANG_WARN_NON_LITERAL_NULL_CONVERSION = YES;
				CLANG_WARN_OBJC_IMPLICIT_RETAIN_SELF = YES;
				CLANG_WARN_OBJC_LITERAL_CONVERSION = YES;
				CLANG_WARN_OBJC_ROOT_CLASS = YES_ERROR;
				CLANG_WARN_QUOTED_INCLUDE_IN_FRAMEWORK_HEADER = YES;
				CLANG_WARN_RANGE_LOOP_ANALYSIS = YES;
				CLANG_WARN_STRICT_PROTOTYPES = YES;
				CLANG_WARN_SUSPICIOUS_MOVE = YES;
				CLANG_WARN_UNGUARDED_AVAILABILITY = YES_AGGRESSIVE;
				CLANG_WARN_UNREACHABLE_CODE = YES;
				CLANG_WARN__DUPLICATE_METHOD_MATCH = YES;
				COPY_PHASE_STRIP = NO;
				DEBUG_INFORMATION_FORMAT = dwarf;
				ENABLE_STRICT_OBJC_MSGSEND = YES;
				ENABLE_TESTABILITY = YES;
				ENABLE_USER_SCRIPT_SANDBOXING = YES;
				GCC_C_LANGUAGE_STANDARD = gnu11;
				GCC_DYNAMIC_NO_PIC = NO;
				GCC_NO_COMMON_BLOCKS = YES;
				GCC_OPTIMIZATION_LEVEL = 0;
				GCC_PREPROCESSOR_DEFINITIONS = (
					"DEBUG=1",
					"$(inherited)",
				);
				GCC_WARN_64_TO_32_BIT_CONVERSION = YES;
				GCC_WARN_ABOUT_RETURN_TYPE = YES_ERROR;
				GCC_WARN_UNDECLARED_SELECTOR = YES;
				GCC_WARN_UNINITIALIZED_AUTOS = YES_AGGRESSIVE;
				GCC_WARN_UNUSED_FUNCTION = YES;
				GCC_WARN_UNUSED_VARIABLE = YES;
				IPHONEOS_DEPLOYMENT_TARGET = 15.5;
				MTL_ENABLE_DEBUG_INFO = INCLUDE_SOURCE;
				MTL_FAST_MATH = YES;
				ONLY_ACTIVE_ARCH = YES;
				SDKROOT = iphoneos;
				SWIFT_ACTIVE_COMPILATION_CONDITIONS = DEBUG;
				SWIFT_OPTIMIZATION_LEVEL = "-Onone";
			};
			name = Debug;
		};
		1A0E3ABE2862F7E300132FCB /* Release */ = {
			isa = XCBuildConfiguration;
			buildSettings = {
				ALWAYS_SEARCH_USER_PATHS = NO;
				CLANG_ANALYZER_NONNULL = YES;
				CLANG_ANALYZER_NUMBER_OBJECT_CONVERSION = YES_AGGRESSIVE;
				CLANG_CXX_LANGUAGE_STANDARD = "gnu++17";
				CLANG_ENABLE_MODULES = YES;
				CLANG_ENABLE_OBJC_ARC = YES;
				CLANG_ENABLE_OBJC_WEAK = YES;
				CLANG_WARN_BLOCK_CAPTURE_AUTORELEASING = YES;
				CLANG_WARN_BOOL_CONVERSION = YES;
				CLANG_WARN_COMMA = YES;
				CLANG_WARN_CONSTANT_CONVERSION = YES;
				CLANG_WARN_DEPRECATED_OBJC_IMPLEMENTATIONS = YES;
				CLANG_WARN_DIRECT_OBJC_ISA_USAGE = YES_ERROR;
				CLANG_WARN_DOCUMENTATION_COMMENTS = YES;
				CLANG_WARN_EMPTY_BODY = YES;
				CLANG_WARN_ENUM_CONVERSION = YES;
				CLANG_WARN_INFINITE_RECURSION = YES;
				CLANG_WARN_INT_CONVERSION = YES;
				CLANG_WARN_NON_LITERAL_NULL_CONVERSION = YES;
				CLANG_WARN_OBJC_IMPLICIT_RETAIN_SELF = YES;
				CLANG_WARN_OBJC_LITERAL_CONVERSION = YES;
				CLANG_WARN_OBJC_ROOT_CLASS = YES_ERROR;
				CLANG_WARN_QUOTED_INCLUDE_IN_FRAMEWORK_HEADER = YES;
				CLANG_WARN_RANGE_LOOP_ANALYSIS = YES;
				CLANG_WARN_STRICT_PROTOTYPES = YES;
				CLANG_WARN_SUSPICIOUS_MOVE = YES;
				CLANG_WARN_UNGUARDED_AVAILABILITY = YES_AGGRESSIVE;
				CLANG_WARN_UNREACHABLE_CODE = YES;
				CLANG_WARN__DUPLICATE_METHOD_MATCH = YES;
				COPY_PHASE_STRIP = NO;
				DEBUG_INFORMATION_FORMAT = "dwarf-with-dsym";
				ENABLE_NS_ASSERTIONS = NO;
				ENABLE_STRICT_OBJC_MSGSEND = YES;
				ENABLE_USER_SCRIPT_SANDBOXING = YES;
				GCC_C_LANGUAGE_STANDARD = gnu11;
				GCC_NO_COMMON_BLOCKS = YES;
				GCC_WARN_64_TO_32_BIT_CONVERSION = YES;
				GCC_WARN_ABOUT_RETURN_TYPE = YES_ERROR;
				GCC_WARN_UNDECLARED_SELECTOR = YES;
				GCC_WARN_UNINITIALIZED_AUTOS = YES_AGGRESSIVE;
				GCC_WARN_UNUSED_FUNCTION = YES;
				GCC_WARN_UNUSED_VARIABLE = YES;
				IPHONEOS_DEPLOYMENT_TARGET = 15.5;
				MTL_ENABLE_DEBUG_INFO = NO;
				MTL_FAST_MATH = YES;
				SDKROOT = iphoneos;
				SWIFT_COMPILATION_MODE = wholemodule;
				SWIFT_OPTIMIZATION_LEVEL = "-O";
				VALIDATE_PRODUCT = YES;
			};
			name = Release;
		};
		1A0E3AC02862F7E300132FCB /* Debug */ = {
			isa = XCBuildConfiguration;
			buildSettings = {
				ASSETCATALOG_COMPILER_APPICON_NAME = AppIcon;
				ASSETCATALOG_COMPILER_GLOBAL_ACCENT_COLOR_NAME = AccentColor;
				CODE_SIGN_STYLE = Automatic;
				CURRENT_PROJECT_VERSION = 1;
				ENABLE_USER_SCRIPT_SANDBOXING = NO;
				GENERATE_INFOPLIST_FILE = YES;
				INFOPLIST_FILE = WallaMarvel/Info.plist;
				INFOPLIST_KEY_UIApplicationSupportsIndirectInputEvents = YES;
				INFOPLIST_KEY_UILaunchStoryboardName = LaunchScreen;
				INFOPLIST_KEY_UISupportedInterfaceOrientations = "UIInterfaceOrientationPortrait UIInterfaceOrientationPortraitUpsideDown";
				INFOPLIST_KEY_UISupportedInterfaceOrientations_iPad = "UIInterfaceOrientationLandscapeLeft UIInterfaceOrientationLandscapeRight";
				IPHONEOS_DEPLOYMENT_TARGET = 18.0;
				LD_RUNPATH_SEARCH_PATHS = (
					"$(inherited)",
					"@executable_path/Frameworks",
				);
				MARKETING_VERSION = 1.0;
				PRODUCT_BUNDLE_IDENTIFIER = com.wallapop.WallaMarvel;
				PRODUCT_NAME = "$(TARGET_NAME)";
				SUPPORTED_PLATFORMS = "iphoneos iphonesimulator";
				SUPPORTS_MACCATALYST = NO;
				SUPPORTS_MAC_DESIGNED_FOR_IPHONE_IPAD = NO;
				SUPPORTS_XR_DESIGNED_FOR_IPHONE_IPAD = NO;
				SWIFT_EMIT_LOC_STRINGS = YES;
				SWIFT_VERSION = 5.0;
				TARGETED_DEVICE_FAMILY = 1;
			};
			name = Debug;
		};
		1A0E3AC12862F7E300132FCB /* Release */ = {
			isa = XCBuildConfiguration;
			buildSettings = {
				ASSETCATALOG_COMPILER_APPICON_NAME = AppIcon;
				ASSETCATALOG_COMPILER_GLOBAL_ACCENT_COLOR_NAME = AccentColor;
				CODE_SIGN_STYLE = Automatic;
				CURRENT_PROJECT_VERSION = 1;
				ENABLE_USER_SCRIPT_SANDBOXING = NO;
				GENERATE_INFOPLIST_FILE = YES;
				INFOPLIST_FILE = WallaMarvel/Info.plist;
				INFOPLIST_KEY_UIApplicationSupportsIndirectInputEvents = YES;
				INFOPLIST_KEY_UILaunchStoryboardName = LaunchScreen;
				INFOPLIST_KEY_UISupportedInterfaceOrientations = "UIInterfaceOrientationPortrait UIInterfaceOrientationPortraitUpsideDown";
				INFOPLIST_KEY_UISupportedInterfaceOrientations_iPad = "UIInterfaceOrientationLandscapeLeft UIInterfaceOrientationLandscapeRight";
				IPHONEOS_DEPLOYMENT_TARGET = 18.0;
				LD_RUNPATH_SEARCH_PATHS = (
					"$(inherited)",
					"@executable_path/Frameworks",
				);
				MARKETING_VERSION = 1.0;
				PRODUCT_BUNDLE_IDENTIFIER = com.wallapop.WallaMarvel;
				PRODUCT_NAME = "$(TARGET_NAME)";
				SUPPORTED_PLATFORMS = "iphoneos iphonesimulator";
				SUPPORTS_MACCATALYST = NO;
				SUPPORTS_MAC_DESIGNED_FOR_IPHONE_IPAD = NO;
				SUPPORTS_XR_DESIGNED_FOR_IPHONE_IPAD = NO;
				SWIFT_EMIT_LOC_STRINGS = YES;
				SWIFT_VERSION = 5.0;
				TARGETED_DEVICE_FAMILY = 1;
			};
			name = Release;
		};
		1A0E3AC32862F7E300132FCB /* Debug */ = {
			isa = XCBuildConfiguration;
			buildSettings = {
				BUNDLE_LOADER = "$(TEST_HOST)";
				CODE_SIGN_STYLE = Automatic;
				CURRENT_PROJECT_VERSION = 1;
				GENERATE_INFOPLIST_FILE = YES;
				IPHONEOS_DEPLOYMENT_TARGET = 18.0;
				MARKETING_VERSION = 1.0;
				PRODUCT_BUNDLE_IDENTIFIER = com.wallapop.WallaMarvelTests;
				PRODUCT_NAME = "$(TARGET_NAME)";
				SWIFT_EMIT_LOC_STRINGS = NO;
				SWIFT_VERSION = 5.0;
				TARGETED_DEVICE_FAMILY = "1,2";
				TEST_HOST = "$(BUILT_PRODUCTS_DIR)/WallaMarvel.app/WallaMarvel";
			};
			name = Debug;
		};
		1A0E3AC42862F7E300132FCB /* Release */ = {
			isa = XCBuildConfiguration;
			buildSettings = {
				BUNDLE_LOADER = "$(TEST_HOST)";
				CODE_SIGN_STYLE = Automatic;
				CURRENT_PROJECT_VERSION = 1;
				GENERATE_INFOPLIST_FILE = YES;
				IPHONEOS_DEPLOYMENT_TARGET = 18.0;
				MARKETING_VERSION = 1.0;
				PRODUCT_BUNDLE_IDENTIFIER = com.wallapop.WallaMarvelTests;
				PRODUCT_NAME = "$(TARGET_NAME)";
				SWIFT_EMIT_LOC_STRINGS = NO;
				SWIFT_VERSION = 5.0;
				TARGETED_DEVICE_FAMILY = "1,2";
				TEST_HOST = "$(BUILT_PRODUCTS_DIR)/WallaMarvel.app/WallaMarvel";
			};
			name = Release;
		};
		1A0E3AC62862F7E300132FCB /* Debug */ = {
			isa = XCBuildConfiguration;
			buildSettings = {
				CODE_SIGN_STYLE = Automatic;
				CURRENT_PROJECT_VERSION = 1;
				GENERATE_INFOPLIST_FILE = YES;
				MARKETING_VERSION = 1.0;
				PRODUCT_BUNDLE_IDENTIFIER = com.wallapop.WallaMarvelUITests;
				PRODUCT_NAME = "$(TARGET_NAME)";
				SWIFT_EMIT_LOC_STRINGS = NO;
				SWIFT_VERSION = 5.0;
				TARGETED_DEVICE_FAMILY = "1,2";
				TEST_TARGET_NAME = WallaMarvel;
			};
			name = Debug;
		};
		1A0E3AC72862F7E300132FCB /* Release */ = {
			isa = XCBuildConfiguration;
			buildSettings = {
				CODE_SIGN_STYLE = Automatic;
				CURRENT_PROJECT_VERSION = 1;
				GENERATE_INFOPLIST_FILE = YES;
				MARKETING_VERSION = 1.0;
				PRODUCT_BUNDLE_IDENTIFIER = com.wallapop.WallaMarvelUITests;
				PRODUCT_NAME = "$(TARGET_NAME)";
				SWIFT_EMIT_LOC_STRINGS = NO;
				SWIFT_VERSION = 5.0;
				TARGETED_DEVICE_FAMILY = "1,2";
				TEST_TARGET_NAME = WallaMarvel;
			};
			name = Release;
		};
/* End XCBuildConfiguration section */

/* Begin XCConfigurationList section */
		1A0E3A902862F7E200132FCB /* Build configuration list for PBXProject "WallaMarvel" */ = {
			isa = XCConfigurationList;
			buildConfigurations = (
				1A0E3ABD2862F7E300132FCB /* Debug */,
				1A0E3ABE2862F7E300132FCB /* Release */,
			);
			defaultConfigurationIsVisible = 0;
			defaultConfigurationName = Release;
		};
		1A0E3ABF2862F7E300132FCB /* Build configuration list for PBXNativeTarget "WallaMarvel" */ = {
			isa = XCConfigurationList;
			buildConfigurations = (
				1A0E3AC02862F7E300132FCB /* Debug */,
				1A0E3AC12862F7E300132FCB /* Release */,
			);
			defaultConfigurationIsVisible = 0;
			defaultConfigurationName = Release;
		};
		1A0E3AC22862F7E300132FCB /* Build configuration list for PBXNativeTarget "WallaMarvelTests" */ = {
			isa = XCConfigurationList;
			buildConfigurations = (
				1A0E3AC32862F7E300132FCB /* Debug */,
				1A0E3AC42862F7E300132FCB /* Release */,
			);
			defaultConfigurationIsVisible = 0;
			defaultConfigurationName = Release;
		};
		1A0E3AC52862F7E300132FCB /* Build configuration list for PBXNativeTarget "WallaMarvelUITests" */ = {
			isa = XCConfigurationList;
			buildConfigurations = (
				1A0E3AC62862F7E300132FCB /* Debug */,
				1A0E3AC72862F7E300132FCB /* Release */,
			);
			defaultConfigurationIsVisible = 0;
			defaultConfigurationName = Release;
		};
/* End XCConfigurationList section */

/* Begin XCRemoteSwiftPackageReference section */
		AD400BD52F31643C00F5A759 /* XCRemoteSwiftPackageReference "Kingfisher" */ = {
			isa = XCRemoteSwiftPackageReference;
			repositoryURL = "https://github.com/onevcat/Kingfisher.git";
			requirement = {
				kind = upToNextMajorVersion;
				minimumVersion = 8.6.2;
			};
		};
/* End XCRemoteSwiftPackageReference section */

/* Begin XCSwiftPackageProductDependency section */
		AD400BD62F31643C00F5A759 /* Kingfisher */ = {
			isa = XCSwiftPackageProductDependency;
			package = AD400BD52F31643C00F5A759 /* XCRemoteSwiftPackageReference "Kingfisher" */;
			productName = Kingfisher;
		};
/* End XCSwiftPackageProductDependency section */
	};
	rootObject = 1A0E3A8D2862F7E200132FCB /* Project object */;
}
